
Microsoft Visual Studio Solution File, Format Version 12.00
# Visual Studio Version 17
VisualStudioVersion = 17.3.32929.385
MinimumVisualStudioVersion = 10.0.40219.1
Project("{FAE04EC0-301F-11D3-BF4B-00C04F79EFBC}") = "TraversalCoreProje", "TraversalCoreProje\TraversalCoreProje.csproj", "{A6A26AF3-FFF6-4CB2-B4BC-276CE69FBBB0}"
EndProject
Project("{FAE04EC0-301F-11D3-BF4B-00C04F79EFBC}") = "EntityLayer", "EntityLayer\EntityLayer.csproj", "{FDC4FBB4-A5C5-4824-B0CB-54D3422F2214}"
EndProject
Project("{FAE04EC0-301F-11D3-BF4B-00C04F79EFBC}") = "DataAccessLayer", "DataAccessLayer\DataAccessLayer.csproj", "{9BB0AC9C-D064-47F4-8971-343887F8FC90}"
EndProject
Project("{FAE04EC0-301F-11D3-BF4B-00C04F79EFBC}") = "BusinessLayer", "BusinessLayer\BusinessLayer.csproj", "{DA9EF0E7-B253-4D1C-A80F-C415A469383C}"
EndProject
Global
	GlobalSection(SolutionConfigurationPlatforms) = preSolution
		Debug|Any CPU = Debug|Any CPU
		Release|Any CPU = Release|Any CPU
	EndGlobalSection
	GlobalSection(ProjectConfigurationPlatforms) = postSolution
		{A6A26AF3-FFF6-4CB2-B4BC-276CE69FBBB0}.Debug|Any CPU.ActiveCfg = Debug|Any CPU
		{A6A26AF3-FFF6-4CB2-B4BC-276CE69FBBB0}.Debug|Any CPU.Build.0 = Debug|Any CPU
		{A6A26AF3-FFF6-4CB2-B4BC-276CE69FBBB0}.Release|Any CPU.ActiveCfg = Release|Any CPU
		{A6A26AF3-FFF6-4CB2-B4BC-276CE69FBBB0}.Release|Any CPU.Build.0 = Release|Any CPU
		{FDC4FBB4-A5C5-4824-B0CB-54D3422F2214}.Debug|Any CPU.ActiveCfg = Debug|Any CPU
		{FDC4FBB4-A5C5-4824-B0CB-54D3422F2214}.Debug|Any CPU.Build.0 = Debug|Any CPU
		{FDC4FBB4-A5C5-4824-B0CB-54D3422F2214}.Release|Any CPU.ActiveCfg = Release|Any CPU
		{FDC4FBB4-A5C5-4824-B0CB-54D3422F2214}.Release|Any CPU.Build.0 = Release|Any CPU
		{9BB0AC9C-D064-47F4-8971-343887F8FC90}.Debug|Any CPU.ActiveCfg = Debug|Any CPU
		{9BB0AC9C-D064-47F4-8971-343887F8FC90}.Debug|Any CPU.Build.0 = Debug|Any CPU
		{9BB0AC9C-D064-47F4-8971-343887F8FC90}.Release|Any CPU.ActiveCfg = Release|Any CPU
		{9BB0AC9C-D064-47F4-8971-343887F8FC90}.Release|Any CPU.Build.0 = Release|Any CPU
		{DA9EF0E7-B253-4D1C-A80F-C415A469383C}.Debug|Any CPU.ActiveCfg = Debug|Any CPU
		{DA9EF0E7-B253-4D1C-A80F-C415A469383C}.Debug|Any CPU.Build.0 = Debug|Any CPU
		{DA9EF0E7-B253-4D1C-A80F-C415A469383C}.Release|Any CPU.ActiveCfg = Release|Any CPU
		{DA9EF0E7-B253-4D1C-A80F-C415A469383C}.Release|Any CPU.Build.0 = Release|Any CPU
	EndGlobalSection
	GlobalSection(SolutionProperties) = preSolution
		HideSolutionNode = FALSE
	EndGlobalSection
	GlobalSection(ExtensibilityGlobals) = postSolution
		SolutionGuid = {EF862C50-EF52-4130-8B77-A9E591D4737E}
	EndGlobalSection
EndGlobal
